
Microsoft Visual Studio Solution File, Format Version 12.00
# Visual Studio Version 17
VisualStudioVersion = 17.2.32505.173
MinimumVisualStudioVersion = 10.0.40219.1
Project("{9A19103F-16F7-4668-BE54-9A1E7A4F7556}") = "WebApp", "WebApp\WebApp.csproj", "{6A82A282-B4D1-443C-895C-F82FB23417D4}"
EndProject
Project("{9A19103F-16F7-4668-BE54-9A1E7A4F7556}") = "WestWindSystem", "WestWindSystem\WestWindSystem.csproj", "{F9EB6A0D-D6A4-43B2-B727-5318D1CE1BB3}"
EndProject
Global
	GlobalSection(SolutionConfigurationPlatforms) = preSolution
		Debug|Any CPU = Debug|Any CPU
		Release|Any CPU = Release|Any CPU
	EndGlobalSection
	GlobalSection(ProjectConfigurationPlatforms) = postSolution
		{6A82A282-B4D1-443C-895C-F82FB23417D4}.Debug|Any CPU.ActiveCfg = Debug|Any CPU
		{6A82A282-B4D1-443C-895C-F82FB23417D4}.Debug|Any CPU.Build.0 = Debug|Any CPU
		{6A82A282-B4D1-443C-895C-F82FB23417D4}.Release|Any CPU.ActiveCfg = Release|Any CPU
		{6A82A282-B4D1-443C-895C-F82FB23417D4}.Release|Any CPU.Build.0 = Release|Any CPU
		{F9EB6A0D-D6A4-43B2-B727-5318D1CE1BB3}.Debug|Any CPU.ActiveCfg = Debug|Any CPU
		{F9EB6A0D-D6A4-43B2-B727-5318D1CE1BB3}.Debug|Any CPU.Build.0 = Debug|Any CPU
		{F9EB6A0D-D6A4-43B2-B727-5318D1CE1BB3}.Release|Any CPU.ActiveCfg = Release|Any CPU
		{F9EB6A0D-D6A4-43B2-B727-5318D1CE1BB3}.Release|Any CPU.Build.0 = Release|Any CPU
	EndGlobalSection
	GlobalSection(SolutionProperties) = preSolution
		HideSolutionNode = FALSE
	EndGlobalSection
	GlobalSection(ExtensibilityGlobals) = postSolution
		SolutionGuid = {BACA5B40-4118-446B-BF23-BF49D7D98D35}
	EndGlobalSection
EndGlobal
